{
  "nodes": {
    "nixpkgs": {
      "locked": {
        "lastModified": 1605830903,
        "narHash": "sha256-l+UGOgeSLtUJ1AEqEdDL25Xz7WyRY9K4p+ttTMCQDSg=",
        "owner": "nixos",
        "repo": "nixpkgs",
        "rev": "854f78d1555e55d4f623b46b528d180a5c2a5008",
        "type": "github"
      },
      "original": {
        "owner": "nixos",
        "repo": "nixpkgs",
        "type": "github"
      }
    },
    "root": {
      "inputs": {
        "nixpkgs": "nixpkgs"
      }
    }
  },
  "root": "root",
  "version": 7
}
