{
  "nodes": {
    "msgpack-cmp-src": {
      "flake": false,
      "locked": {
        "lastModified": 1533400718,
        "narHash": "sha256-SKWhyUsPnpk+lERBpoi7OHbA5+TY/j1GbKDHy3BNKQU=",
        "owner": "camgunz",
        "repo": "cmp",
        "rev": "9fc01ddf4fd41d87267267a3221c92225c383e07",
        "type": "github"
      },
      "original": {
        "owner": "camgunz",
        "repo": "cmp",
        "rev": "9fc01ddf4fd41d87267267a3221c92225c383e07",
        "type": "github"
      }
    },
    "nixpkgs": {
      "locked": {
        "lastModified": 1693858070,
        "narHash": "sha256-QCH3nO/zMkNCH9Y7K3D+HYSRqmfOiedr9p09lr0c3o4=",
        "owner": "nixos",
        "repo": "nixpkgs",
        "rev": "ca6ed1cc8d4771d5d115d16b9f67157c658e36d8",
        "type": "github"
      },
      "original": {
        "owner": "nixos",
        "repo": "nixpkgs",
        "type": "github"
      }
    },
    "qcbor-src": {
      "flake": false,
      "locked": {
        "lastModified": 1659980347,
        "narHash": "sha256-cSi1504SnTDAi8Xr7aChq5GJjPQuX6LW9wmPwoCjgQI=",
        "owner": "laurencelundblade",
        "repo": "QCBOR",
        "rev": "07653df2bbdb2d090d98d0df514fa019ac23dff3",
        "type": "github"
      },
      "original": {
        "owner": "laurencelundblade",
        "repo": "QCBOR",
        "rev": "07653df2bbdb2d090d98d0df514fa019ac23dff3",
        "type": "github"
      }
    },
    "root": {
      "inputs": {
        "msgpack-cmp-src": "msgpack-cmp-src",
        "nixpkgs": "nixpkgs",
        "qcbor-src": "qcbor-src"
      }
    }
  },
  "root": "root",
  "version": 7
}
